
Microsoft Visual Studio Solution File, Format Version 12.00
# Visual Studio 15
VisualStudioVersion = 15.0.25807.0
MinimumVisualStudioVersion = 10.0.40219.1
Project("{FAE04EC0-301F-11D3-BF4B-00C04F79EFBC}") = "ImageMerge", "ImageMerge\ImageMerge.csproj", "{6FA54426-B196-4575-BBDF-9EA62F0D9A04}"
EndProject
Global
	GlobalSection(SolutionConfigurationPlatforms) = preSolution
		Debug|Any CPU = Debug|Any CPU
		Release|Any CPU = Release|Any CPU
	EndGlobalSection
	GlobalSection(ProjectConfigurationPlatforms) = postSolution
		{6FA54426-B196-4575-BBDF-9EA62F0D9A04}.Debug|Any CPU.ActiveCfg = Debug|Any CPU
		{6FA54426-B196-4575-BBDF-9EA62F0D9A04}.Debug|Any CPU.Build.0 = Debug|Any CPU
		{6FA54426-B196-4575-BBDF-9EA62F0D9A04}.Release|Any CPU.ActiveCfg = Release|Any CPU
		{6FA54426-B196-4575-BBDF-9EA62F0D9A04}.Release|Any CPU.Build.0 = Release|Any CPU
	EndGlobalSection
	GlobalSection(SolutionProperties) = preSolution
		HideSolutionNode = FALSE
	EndGlobalSection
EndGlobal
